
Microsoft Visual Studio Solution File, Format Version 12.00
# Visual Studio Version 17
VisualStudioVersion = 17.7.34221.43
MinimumVisualStudioVersion = 10.0.40219.1
Project("{8BC9CEB8-8B4A-11D0-8D11-00A0C91BC942}") = "cFinalProject", "cFinalProject.vcxproj", "{C4BA096C-1209-4738-8F5C-2FB0363B787D}"
EndProject
Global
	GlobalSection(SolutionConfigurationPlatforms) = preSolution
		Debug|x64 = Debug|x64
		Debug|x86 = Debug|x86
		Release|x64 = Release|x64
		Release|x86 = Release|x86
	EndGlobalSection
	GlobalSection(ProjectConfigurationPlatforms) = postSolution
		{C4BA096C-1209-4738-8F5C-2FB0363B787D}.Debug|x64.ActiveCfg = Debug|x64
		{C4BA096C-1209-4738-8F5C-2FB0363B787D}.Debug|x64.Build.0 = Debug|x64
		{C4BA096C-1209-4738-8F5C-2FB0363B787D}.Debug|x86.ActiveCfg = Debug|Win32
		{C4BA096C-1209-4738-8F5C-2FB0363B787D}.Debug|x86.Build.0 = Debug|Win32
		{C4BA096C-1209-4738-8F5C-2FB0363B787D}.Release|x64.ActiveCfg = Release|x64
		{C4BA096C-1209-4738-8F5C-2FB0363B787D}.Release|x64.Build.0 = Release|x64
		{C4BA096C-1209-4738-8F5C-2FB0363B787D}.Release|x86.ActiveCfg = Release|Win32
		{C4BA096C-1209-4738-8F5C-2FB0363B787D}.Release|x86.Build.0 = Release|Win32
	EndGlobalSection
	GlobalSection(SolutionProperties) = preSolution
		HideSolutionNode = FALSE
	EndGlobalSection
	GlobalSection(ExtensibilityGlobals) = postSolution
		SolutionGuid = {90D9746E-B750-4EC4-92FA-B0913C4EB661}
	EndGlobalSection
EndGlobal
